# This file is automatically @generated by Cargo.
# It is not intended for manual editing.
version = 4

[[package]]
name = "nes-core"
version = "0.1.0"

[[package]]
name = "nes-desktop"
version = "0.1.0"
dependencies = [
 "nes-core",
]

[[package]]
name = "nes-mcp"
version = "0.1.0"
dependencies = [
 "nes-core",
]

[[package]]
name = "nes-proof"
version = "0.1.0"

[[package]]
name = "nes-test-harness"
version = "0.1.0"

[[package]]
name = "nes-web"
version = "0.1.0"
